
Microsoft Visual Studio Solution File, Format Version 12.00
Project("{FAE04EC0-301F-11D3-BF4B-00C04F79EFBC}") = "женя", "женя\женя.csproj", "{D5766D4D-06BB-42C8-902A-6D024EB5A553}"
EndProject
Global
	GlobalSection(SolutionConfigurationPlatforms) = preSolution
		Debug|Any CPU = Debug|Any CPU
		Release|Any CPU = Release|Any CPU
	EndGlobalSection
	GlobalSection(ProjectConfigurationPlatforms) = postSolution
		{D5766D4D-06BB-42C8-902A-6D024EB5A553}.Debug|Any CPU.ActiveCfg = Debug|Any CPU
		{D5766D4D-06BB-42C8-902A-6D024EB5A553}.Debug|Any CPU.Build.0 = Debug|Any CPU
		{D5766D4D-06BB-42C8-902A-6D024EB5A553}.Release|Any CPU.ActiveCfg = Release|Any CPU
		{D5766D4D-06BB-42C8-902A-6D024EB5A553}.Release|Any CPU.Build.0 = Release|Any CPU
	EndGlobalSection
EndGlobal
